
Microsoft Visual Studio Solution File, Format Version 12.00
# Visual Studio Version 17
VisualStudioVersion = 17.3.32929.385
MinimumVisualStudioVersion = 10.0.40219.1
Project("{FAE04EC0-301F-11D3-BF4B-00C04F79EFBC}") = "SF Module 7 HW03", "SF Module 7 HW03\SF Module 7 HW03.csproj", "{C1C96C10-5645-42BA-9059-185B9580695C}"
EndProject
Global
	GlobalSection(SolutionConfigurationPlatforms) = preSolution
		Debug|Any CPU = Debug|Any CPU
		Release|Any CPU = Release|Any CPU
	EndGlobalSection
	GlobalSection(ProjectConfigurationPlatforms) = postSolution
		{C1C96C10-5645-42BA-9059-185B9580695C}.Debug|Any CPU.ActiveCfg = Debug|Any CPU
		{C1C96C10-5645-42BA-9059-185B9580695C}.Debug|Any CPU.Build.0 = Debug|Any CPU
		{C1C96C10-5645-42BA-9059-185B9580695C}.Release|Any CPU.ActiveCfg = Release|Any CPU
		{C1C96C10-5645-42BA-9059-185B9580695C}.Release|Any CPU.Build.0 = Release|Any CPU
	EndGlobalSection
	GlobalSection(SolutionProperties) = preSolution
		HideSolutionNode = FALSE
	EndGlobalSection
	GlobalSection(ExtensibilityGlobals) = postSolution
		SolutionGuid = {2C20A089-270F-4371-B9D8-EB17896BD50C}
	EndGlobalSection
EndGlobal
